
Microsoft Visual Studio Solution File, Format Version 12.00
# Visual Studio Version 16
VisualStudioVersion = 16.0.29709.97
MinimumVisualStudioVersion = 10.0.40219.1
Project("{FAE04EC0-301F-11D3-BF4B-00C04F79EFBC}") = "project toturial", "project toturial\project toturial.csproj", "{486A0978-59BE-4526-AE57-C004C003889D}"
EndProject
Global
	GlobalSection(SolutionConfigurationPlatforms) = preSolution
		Debug|Any CPU = Debug|Any CPU
		Release|Any CPU = Release|Any CPU
	EndGlobalSection
	GlobalSection(ProjectConfigurationPlatforms) = postSolution
		{486A0978-59BE-4526-AE57-C004C003889D}.Debug|Any CPU.ActiveCfg = Debug|Any CPU
		{486A0978-59BE-4526-AE57-C004C003889D}.Debug|Any CPU.Build.0 = Debug|Any CPU
		{486A0978-59BE-4526-AE57-C004C003889D}.Release|Any CPU.ActiveCfg = Release|Any CPU
		{486A0978-59BE-4526-AE57-C004C003889D}.Release|Any CPU.Build.0 = Release|Any CPU
	EndGlobalSection
	GlobalSection(SolutionProperties) = preSolution
		HideSolutionNode = FALSE
	EndGlobalSection
	GlobalSection(ExtensibilityGlobals) = postSolution
		SolutionGuid = {7851DA91-BA36-44B4-844B-6F2F5C9E0A7B}
	EndGlobalSection
EndGlobal
